// !$*UTF8*$!
{
	archiveVersion = 1;
	classes = {
	};
	objectVersion = 50;
	objects = {

/* Begin PBXBuildFile section */
		EA64B2AC2156CD9A0097BEF8 /* AppDelegate.swift in Sources */ = {isa = PBXBuildFile; fileRef = EA64B2AB2156CD9A0097BEF8 /* AppDelegate.swift */; };
		EA64B2AE2156CD9A0097BEF8 /* ViewController.swift in Sources */ = {isa = PBXBuildFile; fileRef = EA64B2AD2156CD9A0097BEF8 /* ViewController.swift */; };
		EA64B2B12156CD9A0097BEF8 /* Main.storyboard in Resources */ = {isa = PBXBuildFile; fileRef = EA64B2AF2156CD9A0097BEF8 /* Main.storyboard */; };
		EA64B2B32156CD9B0097BEF8 /* Assets.xcassets in Resources */ = {isa = PBXBuildFile; fileRef = EA64B2B22156CD9B0097BEF8 /* Assets.xcassets */; };
		EA64B2B62156CD9B0097BEF8 /* LaunchScreen.storyboard in Resources */ = {isa = PBXBuildFile; fileRef = EA64B2B42156CD9B0097BEF8 /* LaunchScreen.storyboard */; };
		EA64B2BB2156CD9B0097BEF8 /* now-playing-misalignment WatchKit App.app in Embed Watch Content */ = {isa = PBXBuildFile; fileRef = EA64B2BA2156CD9B0097BEF8 /* now-playing-misalignment WatchKit App.app */; };
		EA64B2C12156CD9B0097BEF8 /* Interface.storyboard in Resources */ = {isa = PBXBuildFile; fileRef = EA64B2BF2156CD9B0097BEF8 /* Interface.storyboard */; };
		EA64B2C32156CD9C0097BEF8 /* Assets.xcassets in Resources */ = {isa = PBXBuildFile; fileRef = EA64B2C22156CD9C0097BEF8 /* Assets.xcassets */; };
		EA64B2CA2156CD9C0097BEF8 /* now-playing-misalignment WatchKit Extension.appex in Embed App Extensions */ = {isa = PBXBuildFile; fileRef = EA64B2C92156CD9C0097BEF8 /* now-playing-misalignment WatchKit Extension.appex */; settings = {ATTRIBUTES = (RemoveHeadersOnCopy, ); }; };
		EA64B2CF2156CD9C0097BEF8 /* InterfaceController.swift in Sources */ = {isa = PBXBuildFile; fileRef = EA64B2CE2156CD9C0097BEF8 /* InterfaceController.swift */; };
		EA64B2D12156CD9C0097BEF8 /* ExtensionDelegate.swift in Sources */ = {isa = PBXBuildFile; fileRef = EA64B2D02156CD9C0097BEF8 /* ExtensionDelegate.swift */; };
		EA64B2D32156CD9C0097BEF8 /* Assets.xcassets in Resources */ = {isa = PBXBuildFile; fileRef = EA64B2D22156CD9C0097BEF8 /* Assets.xcassets */; };
/* End PBXBuildFile section */

/* Begin PBXContainerItemProxy section */
		EA64B2BC2156CD9B0097BEF8 /* PBXContainerItemProxy */ = {
			isa = PBXContainerItemProxy;
			containerPortal = EA64B2A02156CD9A0097BEF8 /* Project object */;
			proxyType = 1;
			remoteGlobalIDString = EA64B2B92156CD9B0097BEF8;
			remoteInfo = "now-playing-misalignment WatchKit App";
		};
		EA64B2CB2156CD9C0097BEF8 /* PBXContainerItemProxy */ = {
			isa = PBXContainerItemProxy;
			containerPortal = EA64B2A02156CD9A0097BEF8 /* Project object */;
			proxyType = 1;
			remoteGlobalIDString = EA64B2C82156CD9C0097BEF8;
			remoteInfo = "now-playing-misalignment WatchKit Extension";
		};
/* End PBXContainerItemProxy section */

/* Begin PBXCopyFilesBuildPhase section */
		EA64B2DA2156CD9C0097BEF8 /* Embed App Extensions */ = {
			isa = PBXCopyFilesBuildPhase;
			buildActionMask = 2147483647;
			dstPath = "";
			dstSubfolderSpec = 13;
			files = (
				EA64B2CA2156CD9C0097BEF8 /* now-playing-misalignment WatchKit Extension.appex in Embed App Extensions */,
			);
			name = "Embed App Extensions";
			runOnlyForDeploymentPostprocessing = 0;
		};
		EA64B2DE2156CD9C0097BEF8 /* Embed Watch Content */ = {
			isa = PBXCopyFilesBuildPhase;
			buildActionMask = 2147483647;
			dstPath = "$(CONTENTS_FOLDER_PATH)/Watch";
			dstSubfolderSpec = 16;
			files = (
				EA64B2BB2156CD9B0097BEF8 /* now-playing-misalignment WatchKit App.app in Embed Watch Content */,
			);
			name = "Embed Watch Content";
			runOnlyForDeploymentPostprocessing = 0;
		};
/* End PBXCopyFilesBuildPhase section */

/* Begin PBXFileReference section */
		EA64B2A82156CD9A0097BEF8 /* now-playing-misalignment.app */ = {isa = PBXFileReference; explicitFileType = wrapper.application; includeInIndex = 0; path = "now-playing-misalignment.app"; sourceTree = BUILT_PRODUCTS_DIR; };
		EA64B2AB2156CD9A0097BEF8 /* AppDelegate.swift */ = {isa = PBXFileReference; lastKnownFileType = sourcecode.swift; path = AppDelegate.swift; sourceTree = "<group>"; };
		EA64B2AD2156CD9A0097BEF8 /* ViewController.swift */ = {isa = PBXFileReference; lastKnownFileType = sourcecode.swift; path = ViewController.swift; sourceTree = "<group>"; };
		EA64B2B02156CD9A0097BEF8 /* Base */ = {isa = PBXFileReference; lastKnownFileType = file.storyboard; name = Base; path = Base.lproj/Main.storyboard; sourceTree = "<group>"; };
		EA64B2B22156CD9B0097BEF8 /* Assets.xcassets */ = {isa = PBXFileReference; lastKnownFileType = folder.assetcatalog; path = Assets.xcassets; sourceTree = "<group>"; };
		EA64B2B52156CD9B0097BEF8 /* Base */ = {isa = PBXFileReference; lastKnownFileType = file.storyboard; name = Base; path = Base.lproj/LaunchScreen.storyboard; sourceTree = "<group>"; };
		EA64B2B72156CD9B0097BEF8 /* Info.plist */ = {isa = PBXFileReference; lastKnownFileType = text.plist.xml; path = Info.plist; sourceTree = "<group>"; };
		EA64B2BA2156CD9B0097BEF8 /* now-playing-misalignment WatchKit App.app */ = {isa = PBXFileReference; explicitFileType = wrapper.application; includeInIndex = 0; path = "now-playing-misalignment WatchKit App.app"; sourceTree = BUILT_PRODUCTS_DIR; };
		EA64B2C02156CD9B0097BEF8 /* Base */ = {isa = PBXFileReference; lastKnownFileType = file.storyboard; name = Base; path = Base.lproj/Interface.storyboard; sourceTree = "<group>"; };
		EA64B2C22156CD9C0097BEF8 /* Assets.xcassets */ = {isa = PBXFileReference; lastKnownFileType = folder.assetcatalog; path = Assets.xcassets; sourceTree = "<group>"; };
		EA64B2C42156CD9C0097BEF8 /* Info.plist */ = {isa = PBXFileReference; lastKnownFileType = text.plist.xml; path = Info.plist; sourceTree = "<group>"; };
		EA64B2C92156CD9C0097BEF8 /* now-playing-misalignment WatchKit Extension.appex */ = {isa = PBXFileReference; explicitFileType = "wrapper.app-extension"; includeInIndex = 0; path = "now-playing-misalignment WatchKit Extension.appex"; sourceTree = BUILT_PRODUCTS_DIR; };
		EA64B2CE2156CD9C0097BEF8 /* InterfaceController.swift */ = {isa = PBXFileReference; lastKnownFileType = sourcecode.swift; path = InterfaceController.swift; sourceTree = "<group>"; };
		EA64B2D02156CD9C0097BEF8 /* ExtensionDelegate.swift */ = {isa = PBXFileReference; lastKnownFileType = sourcecode.swift; path = ExtensionDelegate.swift; sourceTree = "<group>"; };
		EA64B2D22156CD9C0097BEF8 /* Assets.xcassets */ = {isa = PBXFileReference; lastKnownFileType = folder.assetcatalog; path = Assets.xcassets; sourceTree = "<group>"; };
		EA64B2D42156CD9C0097BEF8 /* Info.plist */ = {isa = PBXFileReference; lastKnownFileType = text.plist.xml; path = Info.plist; sourceTree = "<group>"; };
/* End PBXFileReference section */

/* Begin PBXFrameworksBuildPhase section */
		EA64B2A52156CD9A0097BEF8 /* Frameworks */ = {
			isa = PBXFrameworksBuildPhase;
			buildActionMask = 2147483647;
			files = (
			);
			runOnlyForDeploymentPostprocessing = 0;
		};
		EA64B2C62156CD9C0097BEF8 /* Frameworks */ = {
			isa = PBXFrameworksBuildPhase;
			buildActionMask = 2147483647;
			files = (
			);
			runOnlyForDeploymentPostprocessing = 0;
		};
/* End PBXFrameworksBuildPhase section */

/* Begin PBXGroup section */
		EA64B29F2156CD9A0097BEF8 = {
			isa = PBXGroup;
			children = (
				EA64B2AA2156CD9A0097BEF8 /* now-playing-misalignment */,
				EA64B2BE2156CD9B0097BEF8 /* now-playing-misalignment WatchKit App */,
				EA64B2CD2156CD9C0097BEF8 /* now-playing-misalignment WatchKit Extension */,
				EA64B2A92156CD9A0097BEF8 /* Products */,
			);
			sourceTree = "<group>";
		};
		EA64B2A92156CD9A0097BEF8 /* Products */ = {
			isa = PBXGroup;
			children = (
				EA64B2A82156CD9A0097BEF8 /* now-playing-misalignment.app */,
				EA64B2BA2156CD9B0097BEF8 /* now-playing-misalignment WatchKit App.app */,
				EA64B2C92156CD9C0097BEF8 /* now-playing-misalignment WatchKit Extension.appex */,
			);
			name = Products;
			sourceTree = "<group>";
		};
		EA64B2AA2156CD9A0097BEF8 /* now-playing-misalignment */ = {
			isa = PBXGroup;
			children = (
				EA64B2AB2156CD9A0097BEF8 /* AppDelegate.swift */,
				EA64B2AD2156CD9A0097BEF8 /* ViewController.swift */,
				EA64B2AF2156CD9A0097BEF8 /* Main.storyboard */,
				EA64B2B22156CD9B0097BEF8 /* Assets.xcassets */,
				EA64B2B42156CD9B0097BEF8 /* LaunchScreen.storyboard */,
				EA64B2B72156CD9B0097BEF8 /* Info.plist */,
			);
			path = "now-playing-misalignment";
			sourceTree = "<group>";
		};
		EA64B2BE2156CD9B0097BEF8 /* now-playing-misalignment WatchKit App */ = {
			isa = PBXGroup;
			children = (
				EA64B2BF2156CD9B0097BEF8 /* Interface.storyboard */,
				EA64B2C22156CD9C0097BEF8 /* Assets.xcassets */,
				EA64B2C42156CD9C0097BEF8 /* Info.plist */,
			);
			path = "now-playing-misalignment WatchKit App";
			sourceTree = "<group>";
		};
		EA64B2CD2156CD9C0097BEF8 /* now-playing-misalignment WatchKit Extension */ = {
			isa = PBXGroup;
			children = (
				EA64B2CE2156CD9C0097BEF8 /* InterfaceController.swift */,
				EA64B2D02156CD9C0097BEF8 /* ExtensionDelegate.swift */,
				EA64B2D22156CD9C0097BEF8 /* Assets.xcassets */,
				EA64B2D42156CD9C0097BEF8 /* Info.plist */,
			);
			path = "now-playing-misalignment WatchKit Extension";
			sourceTree = "<group>";
		};
/* End PBXGroup section */

/* Begin PBXNativeTarget section */
		EA64B2A72156CD9A0097BEF8 /* now-playing-misalignment */ = {
			isa = PBXNativeTarget;
			buildConfigurationList = EA64B2DF2156CD9C0097BEF8 /* Build configuration list for PBXNativeTarget "now-playing-misalignment" */;
			buildPhases = (
				EA64B2A42156CD9A0097BEF8 /* Sources */,
				EA64B2A52156CD9A0097BEF8 /* Frameworks */,
				EA64B2A62156CD9A0097BEF8 /* Resources */,
				EA64B2DE2156CD9C0097BEF8 /* Embed Watch Content */,
			);
			buildRules = (
			);
			dependencies = (
				EA64B2BD2156CD9B0097BEF8 /* PBXTargetDependency */,
			);
			name = "now-playing-misalignment";
			productName = "now-playing-misalignment";
			productReference = EA64B2A82156CD9A0097BEF8 /* now-playing-misalignment.app */;
			productType = "com.apple.product-type.application";
		};
		EA64B2B92156CD9B0097BEF8 /* now-playing-misalignment WatchKit App */ = {
			isa = PBXNativeTarget;
			buildConfigurationList = EA64B2DB2156CD9C0097BEF8 /* Build configuration list for PBXNativeTarget "now-playing-misalignment WatchKit App" */;
			buildPhases = (
				EA64B2B82156CD9B0097BEF8 /* Resources */,
				EA64B2DA2156CD9C0097BEF8 /* Embed App Extensions */,
			);
			buildRules = (
			);
			dependencies = (
				EA64B2CC2156CD9C0097BEF8 /* PBXTargetDependency */,
			);
			name = "now-playing-misalignment WatchKit App";
			productName = "now-playing-misalignment WatchKit App";
			productReference = EA64B2BA2156CD9B0097BEF8 /* now-playing-misalignment WatchKit App.app */;
			productType = "com.apple.product-type.application.watchapp2";
		};
		EA64B2C82156CD9C0097BEF8 /* now-playing-misalignment WatchKit Extension */ = {
			isa = PBXNativeTarget;
			buildConfigurationList = EA64B2D72156CD9C0097BEF8 /* Build configuration list for PBXNativeTarget "now-playing-misalignment WatchKit Extension" */;
			buildPhases = (
				EA64B2C52156CD9C0097BEF8 /* Sources */,
				EA64B2C62156CD9C0097BEF8 /* Frameworks */,
				EA64B2C72156CD9C0097BEF8 /* Resources */,
			);
			buildRules = (
			);
			dependencies = (
			);
			name = "now-playing-misalignment WatchKit Extension";
			productName = "now-playing-misalignment WatchKit Extension";
			productReference = EA64B2C92156CD9C0097BEF8 /* now-playing-misalignment WatchKit Extension.appex */;
			productType = "com.apple.product-type.watchkit2-extension";
		};
/* End PBXNativeTarget section */

/* Begin PBXProject section */
		EA64B2A02156CD9A0097BEF8 /* Project object */ = {
			isa = PBXProject;
			attributes = {
				LastSwiftUpdateCheck = 1000;
				LastUpgradeCheck = 1000;
				ORGANIZATIONNAME = "Alex Chow";
				TargetAttributes = {
					EA64B2A72156CD9A0097BEF8 = {
						CreatedOnToolsVersion = 10.0;
					};
					EA64B2B92156CD9B0097BEF8 = {
						CreatedOnToolsVersion = 10.0;
					};
					EA64B2C82156CD9C0097BEF8 = {
						CreatedOnToolsVersion = 10.0;
					};
				};
			};
			buildConfigurationList = EA64B2A32156CD9A0097BEF8 /* Build configuration list for PBXProject "now-playing-misalignment" */;
			compatibilityVersion = "Xcode 9.3";
			developmentRegion = en;
			hasScannedForEncodings = 0;
			knownRegions = (
				en,
				Base,
			);
			mainGroup = EA64B29F2156CD9A0097BEF8;
			productRefGroup = EA64B2A92156CD9A0097BEF8 /* Products */;
			projectDirPath = "";
			projectRoot = "";
			targets = (
				EA64B2A72156CD9A0097BEF8 /* now-playing-misalignment */,
				EA64B2B92156CD9B0097BEF8 /* now-playing-misalignment WatchKit App */,
				EA64B2C82156CD9C0097BEF8 /* now-playing-misalignment WatchKit Extension */,
			);
		};
/* End PBXProject section */

/* Begin PBXResourcesBuildPhase section */
		EA64B2A62156CD9A0097BEF8 /* Resources */ = {
			isa = PBXResourcesBuildPhase;
			buildActionMask = 2147483647;
			files = (
				EA64B2B62156CD9B0097BEF8 /* LaunchScreen.storyboard in Resources */,
				EA64B2B32156CD9B0097BEF8 /* Assets.xcassets in Resources */,
				EA64B2B12156CD9A0097BEF8 /* Main.storyboard in Resources */,
			);
			runOnlyForDeploymentPostprocessing = 0;
		};
		EA64B2B82156CD9B0097BEF8 /* Resources */ = {
			isa = PBXResourcesBuildPhase;
			buildActionMask = 2147483647;
			files = (
				EA64B2C32156CD9C0097BEF8 /* Assets.xcassets in Resources */,
				EA64B2C12156CD9B0097BEF8 /* Interface.storyboard in Resources */,
			);
			runOnlyForDeploymentPostprocessing = 0;
		};
		EA64B2C72156CD9C0097BEF8 /* Resources */ = {
			isa = PBXResourcesBuildPhase;
			buildActionMask = 2147483647;
			files = (
				EA64B2D32156CD9C0097BEF8 /* Assets.xcassets in Resources */,
			);
			runOnlyForDeploymentPostprocessing = 0;
		};
/* End PBXResourcesBuildPhase section */

/* Begin PBXSourcesBuildPhase section */
		EA64B2A42156CD9A0097BEF8 /* Sources */ = {
			isa = PBXSourcesBuildPhase;
			buildActionMask = 2147483647;
			files = (
				EA64B2AE2156CD9A0097BEF8 /* ViewController.swift in Sources */,
				EA64B2AC2156CD9A0097BEF8 /* AppDelegate.swift in Sources */,
			);
			runOnlyForDeploymentPostprocessing = 0;
		};
		EA64B2C52156CD9C0097BEF8 /* Sources */ = {
			isa = PBXSourcesBuildPhase;
			buildActionMask = 2147483647;
			files = (
				EA64B2D12156CD9C0097BEF8 /* ExtensionDelegate.swift in Sources */,
				EA64B2CF2156CD9C0097BEF8 /* InterfaceController.swift in Sources */,
			);
			runOnlyForDeploymentPostprocessing = 0;
		};
/* End PBXSourcesBuildPhase section */

/* Begin PBXTargetDependency section */
		EA64B2BD2156CD9B0097BEF8 /* PBXTargetDependency */ = {
			isa = PBXTargetDependency;
			target = EA64B2B92156CD9B0097BEF8 /* now-playing-misalignment WatchKit App */;
			targetProxy = EA64B2BC2156CD9B0097BEF8 /* PBXContainerItemProxy */;
		};
		EA64B2CC2156CD9C0097BEF8 /* PBXTargetDependency */ = {
			isa = PBXTargetDependency;
			target = EA64B2C82156CD9C0097BEF8 /* now-playing-misalignment WatchKit Extension */;
			targetProxy = EA64B2CB2156CD9C0097BEF8 /* PBXContainerItemProxy */;
		};
/* End PBXTargetDependency section */

/* Begin PBXVariantGroup section */
		EA64B2AF2156CD9A0097BEF8 /* Main.storyboard */ = {
			isa = PBXVariantGroup;
			children = (
				EA64B2B02156CD9A0097BEF8 /* Base */,
			);
			name = Main.storyboard;
			sourceTree = "<group>";
		};
		EA64B2B42156CD9B0097BEF8 /* LaunchScreen.storyboard */ = {
			isa = PBXVariantGroup;
			children = (
				EA64B2B52156CD9B0097BEF8 /* Base */,
			);
			name = LaunchScreen.storyboard;
			sourceTree = "<group>";
		};
		EA64B2BF2156CD9B0097BEF8 /* Interface.storyboard */ = {
			isa = PBXVariantGroup;
			children = (
				EA64B2C02156CD9B0097BEF8 /* Base */,
			);
			name = Interface.storyboard;
			sourceTree = "<group>";
		};
/* End PBXVariantGroup section */

/* Begin XCBuildConfiguration section */
		EA64B2D52156CD9C0097BEF8 /* Debug */ = {
			isa = XCBuildConfiguration;
			buildSettings = {
				ALWAYS_SEARCH_USER_PATHS = NO;
				CLANG_ANALYZER_NONNULL = YES;
				CLANG_ANALYZER_NUMBER_OBJECT_CONVERSION = YES_AGGRESSIVE;
				CLANG_CXX_LANGUAGE_STANDARD = "gnu++14";
				CLANG_CXX_LIBRARY = "libc++";
				CLANG_ENABLE_MODULES = YES;
				CLANG_ENABLE_OBJC_ARC = YES;
				CLANG_ENABLE_OBJC_WEAK = YES;
				CLANG_WARN_BLOCK_CAPTURE_AUTORELEASING = YES;
				CLANG_WARN_BOOL_CONVERSION = YES;
				CLANG_WARN_COMMA = YES;
				CLANG_WARN_CONSTANT_CONVERSION = YES;
				CLANG_WARN_DEPRECATED_OBJC_IMPLEMENTATIONS = YES;
				CLANG_WARN_DIRECT_OBJC_ISA_USAGE = YES_ERROR;
				CLANG_WARN_DOCUMENTATION_COMMENTS = YES;
				CLANG_WARN_EMPTY_BODY = YES;
				CLANG_WARN_ENUM_CONVERSION = YES;
				CLANG_WARN_INFINITE_RECURSION = YES;
				CLANG_WARN_INT_CONVERSION = YES;
				CLANG_WARN_NON_LITERAL_NULL_CONVERSION = YES;
				CLANG_WARN_OBJC_IMPLICIT_RETAIN_SELF = YES;
				CLANG_WARN_OBJC_LITERAL_CONVERSION = YES;
				CLANG_WARN_OBJC_ROOT_CLASS = YES_ERROR;
				CLANG_WARN_RANGE_LOOP_ANALYSIS = YES;
				CLANG_WARN_STRICT_PROTOTYPES = YES;
				CLANG_WARN_SUSPICIOUS_MOVE = YES;
				CLANG_WARN_UNGUARDED_AVAILABILITY = YES_AGGRESSIVE;
				CLANG_WARN_UNREACHABLE_CODE = YES;
				CLANG_WARN__DUPLICATE_METHOD_MATCH = YES;
				CODE_SIGN_IDENTITY = "iPhone Developer";
				COPY_PHASE_STRIP = NO;
				DEBUG_INFORMATION_FORMAT = dwarf;
				ENABLE_STRICT_OBJC_MSGSEND = YES;
				ENABLE_TESTABILITY = YES;
				GCC_C_LANGUAGE_STANDARD = gnu11;
				GCC_DYNAMIC_NO_PIC = NO;
				GCC_NO_COMMON_BLOCKS = YES;
				GCC_OPTIMIZATION_LEVEL = 0;
				GCC_PREPROCESSOR_DEFINITIONS = (
					"DEBUG=1",
					"$(inherited)",
				);
				GCC_WARN_64_TO_32_BIT_CONVERSION = YES;
				GCC_WARN_ABOUT_RETURN_TYPE = YES_ERROR;
				GCC_WARN_UNDECLARED_SELECTOR = YES;
				GCC_WARN_UNINITIALIZED_AUTOS = YES_AGGRESSIVE;
				GCC_WARN_UNUSED_FUNCTION = YES;
				GCC_WARN_UNUSED_VARIABLE = YES;
				IPHONEOS_DEPLOYMENT_TARGET = 12.0;
				MTL_ENABLE_DEBUG_INFO = INCLUDE_SOURCE;
				MTL_FAST_MATH = YES;
				ONLY_ACTIVE_ARCH = YES;
				SDKROOT = iphoneos;
				SWIFT_ACTIVE_COMPILATION_CONDITIONS = DEBUG;
				SWIFT_OPTIMIZATION_LEVEL = "-Onone";
			};
			name = Debug;
		};
		EA64B2D62156CD9C0097BEF8 /* Release */ = {
			isa = XCBuildConfiguration;
			buildSettings = {
				ALWAYS_SEARCH_USER_PATHS = NO;
				CLANG_ANALYZER_NONNULL = YES;
				CLANG_ANALYZER_NUMBER_OBJECT_CONVERSION = YES_AGGRESSIVE;
				CLANG_CXX_LANGUAGE_STANDARD = "gnu++14";
				CLANG_CXX_LIBRARY = "libc++";
				CLANG_ENABLE_MODULES = YES;
				CLANG_ENABLE_OBJC_ARC = YES;
				CLANG_ENABLE_OBJC_WEAK = YES;
				CLANG_WARN_BLOCK_CAPTURE_AUTORELEASING = YES;
				CLANG_WARN_BOOL_CONVERSION = YES;
				CLANG_WARN_COMMA = YES;
				CLANG_WARN_CONSTANT_CONVERSION = YES;
				CLANG_WARN_DEPRECATED_OBJC_IMPLEMENTATIONS = YES;
				CLANG_WARN_DIRECT_OBJC_ISA_USAGE = YES_ERROR;
				CLANG_WARN_DOCUMENTATION_COMMENTS = YES;
				CLANG_WARN_EMPTY_BODY = YES;
				CLANG_WARN_ENUM_CONVERSION = YES;
				CLANG_WARN_INFINITE_RECURSION = YES;
				CLANG_WARN_INT_CONVERSION = YES;
				CLANG_WARN_NON_LITERAL_NULL_CONVERSION = YES;
				CLANG_WARN_OBJC_IMPLICIT_RETAIN_SELF = YES;
				CLANG_WARN_OBJC_LITERAL_CONVERSION = YES;
				CLANG_WARN_OBJC_ROOT_CLASS = YES_ERROR;
				CLANG_WARN_RANGE_LOOP_ANALYSIS = YES;
				CLANG_WARN_STRICT_PROTOTYPES = YES;
				CLANG_WARN_SUSPICIOUS_MOVE = YES;
				CLANG_WARN_UNGUARDED_AVAILABILITY = YES_AGGRESSIVE;
				CLANG_WARN_UNREACHABLE_CODE = YES;
				CLANG_WARN__DUPLICATE_METHOD_MATCH = YES;
				CODE_SIGN_IDENTITY = "iPhone Developer";
				COPY_PHASE_STRIP = NO;
				DEBUG_INFORMATION_FORMAT = "dwarf-with-dsym";
				ENABLE_NS_ASSERTIONS = NO;
				ENABLE_STRICT_OBJC_MSGSEND = YES;
				GCC_C_LANGUAGE_STANDARD = gnu11;
				GCC_NO_COMMON_BLOCKS = YES;
				GCC_WARN_64_TO_32_BIT_CONVERSION = YES;
				GCC_WARN_ABOUT_RETURN_TYPE = YES_ERROR;
				GCC_WARN_UNDECLARED_SELECTOR = YES;
				GCC_WARN_UNINITIALIZED_AUTOS = YES_AGGRESSIVE;
				GCC_WARN_UNUSED_FUNCTION = YES;
				GCC_WARN_UNUSED_VARIABLE = YES;
				IPHONEOS_DEPLOYMENT_TARGET = 12.0;
				MTL_ENABLE_DEBUG_INFO = NO;
				MTL_FAST_MATH = YES;
				SDKROOT = iphoneos;
				SWIFT_COMPILATION_MODE = wholemodule;
				SWIFT_OPTIMIZATION_LEVEL = "-O";
				VALIDATE_PRODUCT = YES;
			};
			name = Release;
		};
		EA64B2D82156CD9C0097BEF8 /* Debug */ = {
			isa = XCBuildConfiguration;
			buildSettings = {
				ASSETCATALOG_COMPILER_COMPLICATION_NAME = Complication;
				CODE_SIGN_STYLE = Automatic;
				DEVELOPMENT_TEAM = X3N9J49FU2;
				INFOPLIST_FILE = "now-playing-misalignment WatchKit Extension/Info.plist";
				LD_RUNPATH_SEARCH_PATHS = (
					"$(inherited)",
					"@executable_path/Frameworks",
					"@executable_path/../../Frameworks",
				);
				PRODUCT_BUNDLE_IDENTIFIER = "net.inoxygen.now-playing-misalignment.watchkitapp.watchkitextension";
				PRODUCT_NAME = "${TARGET_NAME}";
				SDKROOT = watchos;
				SKIP_INSTALL = YES;
				SWIFT_VERSION = 4.2;
				TARGETED_DEVICE_FAMILY = 4;
				WATCHOS_DEPLOYMENT_TARGET = 5.0;
			};
			name = Debug;
		};
		EA64B2D92156CD9C0097BEF8 /* Release */ = {
			isa = XCBuildConfiguration;
			buildSettings = {
				ASSETCATALOG_COMPILER_COMPLICATION_NAME = Complication;
				CODE_SIGN_STYLE = Automatic;
				DEVELOPMENT_TEAM = X3N9J49FU2;
				INFOPLIST_FILE = "now-playing-misalignment WatchKit Extension/Info.plist";
				LD_RUNPATH_SEARCH_PATHS = (
					"$(inherited)",
					"@executable_path/Frameworks",
					"@executable_path/../../Frameworks",
				);
				PRODUCT_BUNDLE_IDENTIFIER = "net.inoxygen.now-playing-misalignment.watchkitapp.watchkitextension";
				PRODUCT_NAME = "${TARGET_NAME}";
				SDKROOT = watchos;
				SKIP_INSTALL = YES;
				SWIFT_VERSION = 4.2;
				TARGETED_DEVICE_FAMILY = 4;
				WATCHOS_DEPLOYMENT_TARGET = 5.0;
			};
			name = Release;
		};
		EA64B2DC2156CD9C0097BEF8 /* Debug */ = {
			isa = XCBuildConfiguration;
			buildSettings = {
				ALWAYS_EMBED_SWIFT_STANDARD_LIBRARIES = YES;
				ASSETCATALOG_COMPILER_APPICON_NAME = AppIcon;
				CODE_SIGN_STYLE = Automatic;
				DEVELOPMENT_TEAM = X3N9J49FU2;
				IBSC_MODULE = now_playing_misalignment_WatchKit_Extension;
				INFOPLIST_FILE = "now-playing-misalignment WatchKit App/Info.plist";
				PRODUCT_BUNDLE_IDENTIFIER = "net.inoxygen.now-playing-misalignment.watchkitapp";
				PRODUCT_NAME = "$(TARGET_NAME)";
				SDKROOT = watchos;
				SKIP_INSTALL = YES;
				SWIFT_VERSION = 4.2;
				TARGETED_DEVICE_FAMILY = 4;
				WATCHOS_DEPLOYMENT_TARGET = 5.0;
			};
			name = Debug;
		};
		EA64B2DD2156CD9C0097BEF8 /* Release */ = {
			isa = XCBuildConfiguration;
			buildSettings = {
				ALWAYS_EMBED_SWIFT_STANDARD_LIBRARIES = YES;
				ASSETCATALOG_COMPILER_APPICON_NAME = AppIcon;
				CODE_SIGN_STYLE = Automatic;
				DEVELOPMENT_TEAM = X3N9J49FU2;
				IBSC_MODULE = now_playing_misalignment_WatchKit_Extension;
				INFOPLIST_FILE = "now-playing-misalignment WatchKit App/Info.plist";
				PRODUCT_BUNDLE_IDENTIFIER = "net.inoxygen.now-playing-misalignment.watchkitapp";
				PRODUCT_NAME = "$(TARGET_NAME)";
				SDKROOT = watchos;
				SKIP_INSTALL = YES;
				SWIFT_VERSION = 4.2;
				TARGETED_DEVICE_FAMILY = 4;
				WATCHOS_DEPLOYMENT_TARGET = 5.0;
			};
			name = Release;
		};
		EA64B2E02156CD9C0097BEF8 /* Debug */ = {
			isa = XCBuildConfiguration;
			buildSettings = {
				ASSETCATALOG_COMPILER_APPICON_NAME = AppIcon;
				CODE_SIGN_STYLE = Automatic;
				DEVELOPMENT_TEAM = X3N9J49FU2;
				INFOPLIST_FILE = "now-playing-misalignment/Info.plist";
				LD_RUNPATH_SEARCH_PATHS = (
					"$(inherited)",
					"@executable_path/Frameworks",
				);
				PRODUCT_BUNDLE_IDENTIFIER = "net.inoxygen.now-playing-misalignment";
				PRODUCT_NAME = "$(TARGET_NAME)";
				SWIFT_VERSION = 4.2;
				TARGETED_DEVICE_FAMILY = "1,2";
			};
			name = Debug;
		};
		EA64B2E12156CD9C0097BEF8 /* Release */ = {
			isa = XCBuildConfiguration;
			buildSettings = {
				ASSETCATALOG_COMPILER_APPICON_NAME = AppIcon;
				CODE_SIGN_STYLE = Automatic;
				DEVELOPMENT_TEAM = X3N9J49FU2;
				INFOPLIST_FILE = "now-playing-misalignment/Info.plist";
				LD_RUNPATH_SEARCH_PATHS = (
					"$(inherited)",
					"@executable_path/Frameworks",
				);
				PRODUCT_BUNDLE_IDENTIFIER = "net.inoxygen.now-playing-misalignment";
				PRODUCT_NAME = "$(TARGET_NAME)";
				SWIFT_VERSION = 4.2;
				TARGETED_DEVICE_FAMILY = "1,2";
			};
			name = Release;
		};
/* End XCBuildConfiguration section */

/* Begin XCConfigurationList section */
		EA64B2A32156CD9A0097BEF8 /* Build configuration list for PBXProject "now-playing-misalignment" */ = {
			isa = XCConfigurationList;
			buildConfigurations = (
				EA64B2D52156CD9C0097BEF8 /* Debug */,
				EA64B2D62156CD9C0097BEF8 /* Release */,
			);
			defaultConfigurationIsVisible = 0;
			defaultConfigurationName = Release;
		};
		EA64B2D72156CD9C0097BEF8 /* Build configuration list for PBXNativeTarget "now-playing-misalignment WatchKit Extension" */ = {
			isa = XCConfigurationList;
			buildConfigurations = (
				EA64B2D82156CD9C0097BEF8 /* Debug */,
				EA64B2D92156CD9C0097BEF8 /* Release */,
			);
			defaultConfigurationIsVisible = 0;
			defaultConfigurationName = Release;
		};
		EA64B2DB2156CD9C0097BEF8 /* Build configuration list for PBXNativeTarget "now-playing-misalignment WatchKit App" */ = {
			isa = XCConfigurationList;
			buildConfigurations = (
				EA64B2DC2156CD9C0097BEF8 /* Debug */,
				EA64B2DD2156CD9C0097BEF8 /* Release */,
			);
			defaultConfigurationIsVisible = 0;
			defaultConfigurationName = Release;
		};
		EA64B2DF2156CD9C0097BEF8 /* Build configuration list for PBXNativeTarget "now-playing-misalignment" */ = {
			isa = XCConfigurationList;
			buildConfigurations = (
				EA64B2E02156CD9C0097BEF8 /* Debug */,
				EA64B2E12156CD9C0097BEF8 /* Release */,
			);
			defaultConfigurationIsVisible = 0;
			defaultConfigurationName = Release;
		};
/* End XCConfigurationList section */
	};
	rootObject = EA64B2A02156CD9A0097BEF8 /* Project object */;
}
